// !$*UTF8*$!
{
	archiveVersion = 1;
	classes = {
	};
	objectVersion = 46;
	objects = {

/* Begin PBXBuildFile section */
		125908C31BCE12E400462D85 /* AppDelegate.swift in Sources */ = {isa = PBXBuildFile; fileRef = 125908C21BCE12E400462D85 /* AppDelegate.swift */; };
		125908C51BCE12E400462D85 /* ViewController.swift in Sources */ = {isa = PBXBuildFile; fileRef = 125908C41BCE12E400462D85 /* ViewController.swift */; };
		125908C81BCE12E400462D85 /* Main.storyboard in Resources */ = {isa = PBXBuildFile; fileRef = 125908C61BCE12E400462D85 /* Main.storyboard */; };
		125908CA1BCE12E400462D85 /* Assets.xcassets in Resources */ = {isa = PBXBuildFile; fileRef = 125908C91BCE12E400462D85 /* Assets.xcassets */; };
		125908CD1BCE12E400462D85 /* LaunchScreen.storyboard in Resources */ = {isa = PBXBuildFile; fileRef = 125908CB1BCE12E400462D85 /* LaunchScreen.storyboard */; };
		125908D21BCE12E400462D85 /* watchOS2 WatchKit App.app in Embed Watch Content */ = {isa = PBXBuildFile; fileRef = 125908D11BCE12E400462D85 /* watchOS2 WatchKit App.app */; };
		125908D81BCE12E400462D85 /* Interface.storyboard in Resources */ = {isa = PBXBuildFile; fileRef = 125908D61BCE12E400462D85 /* Interface.storyboard */; };
		125908DA1BCE12E400462D85 /* Assets.xcassets in Resources */ = {isa = PBXBuildFile; fileRef = 125908D91BCE12E400462D85 /* Assets.xcassets */; };
		125908E11BCE12E400462D85 /* watchOS2 WatchKit Extension.appex in Embed App Extensions */ = {isa = PBXBuildFile; fileRef = 125908E01BCE12E400462D85 /* watchOS2 WatchKit Extension.appex */; settings = {ATTRIBUTES = (RemoveHeadersOnCopy, ); }; };
		125908E61BCE12E400462D85 /* InterfaceController.swift in Sources */ = {isa = PBXBuildFile; fileRef = 125908E51BCE12E400462D85 /* InterfaceController.swift */; };
		125908E81BCE12E400462D85 /* ExtensionDelegate.swift in Sources */ = {isa = PBXBuildFile; fileRef = 125908E71BCE12E400462D85 /* ExtensionDelegate.swift */; };
		125908EA1BCE12E400462D85 /* Assets.xcassets in Resources */ = {isa = PBXBuildFile; fileRef = 125908E91BCE12E400462D85 /* Assets.xcassets */; };
/* End PBXBuildFile section */

/* Begin PBXContainerItemProxy section */
		125908D31BCE12E400462D85 /* PBXContainerItemProxy */ = {
			isa = PBXContainerItemProxy;
			containerPortal = 125908B71BCE12E400462D85 /* Project object */;
			proxyType = 1;
			remoteGlobalIDString = 125908D01BCE12E400462D85;
			remoteInfo = "watchOS2 WatchKit App";
		};
		125908E21BCE12E400462D85 /* PBXContainerItemProxy */ = {
			isa = PBXContainerItemProxy;
			containerPortal = 125908B71BCE12E400462D85 /* Project object */;
			proxyType = 1;
			remoteGlobalIDString = 125908DF1BCE12E400462D85;
			remoteInfo = "watchOS2 WatchKit Extension";
		};
/* End PBXContainerItemProxy section */

/* Begin PBXCopyFilesBuildPhase section */
		125908F11BCE12E400462D85 /* Embed App Extensions */ = {
			isa = PBXCopyFilesBuildPhase;
			buildActionMask = 2147483647;
			dstPath = "";
			dstSubfolderSpec = 13;
			files = (
				125908E11BCE12E400462D85 /* watchOS2 WatchKit Extension.appex in Embed App Extensions */,
			);
			name = "Embed App Extensions";
			runOnlyForDeploymentPostprocessing = 0;
		};
		125908F51BCE12E400462D85 /* Embed Watch Content */ = {
			isa = PBXCopyFilesBuildPhase;
			buildActionMask = 2147483647;
			dstPath = "$(CONTENTS_FOLDER_PATH)/Watch";
			dstSubfolderSpec = 16;
			files = (
				125908D21BCE12E400462D85 /* watchOS2 WatchKit App.app in Embed Watch Content */,
			);
			name = "Embed Watch Content";
			runOnlyForDeploymentPostprocessing = 0;
		};
/* End PBXCopyFilesBuildPhase section */

/* Begin PBXFileReference section */
		125908BF1BCE12E400462D85 /* watchOS2.app */ = {isa = PBXFileReference; explicitFileType = wrapper.application; includeInIndex = 0; path = watchOS2.app; sourceTree = BUILT_PRODUCTS_DIR; };
		125908C21BCE12E400462D85 /* AppDelegate.swift */ = {isa = PBXFileReference; lastKnownFileType = sourcecode.swift; path = AppDelegate.swift; sourceTree = "<group>"; };
		125908C41BCE12E400462D85 /* ViewController.swift */ = {isa = PBXFileReference; lastKnownFileType = sourcecode.swift; path = ViewController.swift; sourceTree = "<group>"; };
		125908C71BCE12E400462D85 /* Base */ = {isa = PBXFileReference; lastKnownFileType = file.storyboard; name = Base; path = Base.lproj/Main.storyboard; sourceTree = "<group>"; };
		125908C91BCE12E400462D85 /* Assets.xcassets */ = {isa = PBXFileReference; lastKnownFileType = folder.assetcatalog; path = Assets.xcassets; sourceTree = "<group>"; };
		125908CC1BCE12E400462D85 /* Base */ = {isa = PBXFileReference; lastKnownFileType = file.storyboard; name = Base; path = Base.lproj/LaunchScreen.storyboard; sourceTree = "<group>"; };
		125908CE1BCE12E400462D85 /* Info.plist */ = {isa = PBXFileReference; lastKnownFileType = text.plist.xml; path = Info.plist; sourceTree = "<group>"; };
		125908D11BCE12E400462D85 /* watchOS2 WatchKit App.app */ = {isa = PBXFileReference; explicitFileType = wrapper.application; includeInIndex = 0; path = "watchOS2 WatchKit App.app"; sourceTree = BUILT_PRODUCTS_DIR; };
		125908D71BCE12E400462D85 /* Base */ = {isa = PBXFileReference; lastKnownFileType = file.storyboard; name = Base; path = Base.lproj/Interface.storyboard; sourceTree = "<group>"; };
		125908D91BCE12E400462D85 /* Assets.xcassets */ = {isa = PBXFileReference; lastKnownFileType = folder.assetcatalog; path = Assets.xcassets; sourceTree = "<group>"; };
		125908DB1BCE12E400462D85 /* Info.plist */ = {isa = PBXFileReference; lastKnownFileType = text.plist.xml; path = Info.plist; sourceTree = "<group>"; };
		125908E01BCE12E400462D85 /* watchOS2 WatchKit Extension.appex */ = {isa = PBXFileReference; explicitFileType = "wrapper.app-extension"; includeInIndex = 0; path = "watchOS2 WatchKit Extension.appex"; sourceTree = BUILT_PRODUCTS_DIR; };
		125908E51BCE12E400462D85 /* InterfaceController.swift */ = {isa = PBXFileReference; lastKnownFileType = sourcecode.swift; path = InterfaceController.swift; sourceTree = "<group>"; };
		125908E71BCE12E400462D85 /* ExtensionDelegate.swift */ = {isa = PBXFileReference; lastKnownFileType = sourcecode.swift; path = ExtensionDelegate.swift; sourceTree = "<group>"; };
		125908E91BCE12E400462D85 /* Assets.xcassets */ = {isa = PBXFileReference; lastKnownFileType = folder.assetcatalog; path = Assets.xcassets; sourceTree = "<group>"; };
		125908EB1BCE12E400462D85 /* Info.plist */ = {isa = PBXFileReference; lastKnownFileType = text.plist.xml; path = Info.plist; sourceTree = "<group>"; };
/* End PBXFileReference section */

/* Begin PBXFrameworksBuildPhase section */
		125908BC1BCE12E400462D85 /* Frameworks */ = {
			isa = PBXFrameworksBuildPhase;
			buildActionMask = 2147483647;
			files = (
			);
			runOnlyForDeploymentPostprocessing = 0;
		};
		125908DD1BCE12E400462D85 /* Frameworks */ = {
			isa = PBXFrameworksBuildPhase;
			buildActionMask = 2147483647;
			files = (
			);
			runOnlyForDeploymentPostprocessing = 0;
		};
/* End PBXFrameworksBuildPhase section */

/* Begin PBXGroup section */
		125908B61BCE12E400462D85 = {
			isa = PBXGroup;
			children = (
				125908C11BCE12E400462D85 /* watchOS2 */,
				125908D51BCE12E400462D85 /* watchOS2 WatchKit App */,
				125908E41BCE12E400462D85 /* watchOS2 WatchKit Extension */,
				125908C01BCE12E400462D85 /* Products */,
			);
			sourceTree = "<group>";
		};
		125908C01BCE12E400462D85 /* Products */ = {
			isa = PBXGroup;
			children = (
				125908BF1BCE12E400462D85 /* watchOS2.app */,
				125908D11BCE12E400462D85 /* watchOS2 WatchKit App.app */,
				125908E01BCE12E400462D85 /* watchOS2 WatchKit Extension.appex */,
			);
			name = Products;
			sourceTree = "<group>";
		};
		125908C11BCE12E400462D85 /* watchOS2 */ = {
			isa = PBXGroup;
			children = (
				125908C21BCE12E400462D85 /* AppDelegate.swift */,
				125908C41BCE12E400462D85 /* ViewController.swift */,
				125908C61BCE12E400462D85 /* Main.storyboard */,
				125908C91BCE12E400462D85 /* Assets.xcassets */,
				125908CB1BCE12E400462D85 /* LaunchScreen.storyboard */,
				125908CE1BCE12E400462D85 /* Info.plist */,
			);
			path = watchOS2;
			sourceTree = "<group>";
		};
		125908D51BCE12E400462D85 /* watchOS2 WatchKit App */ = {
			isa = PBXGroup;
			children = (
				125908D61BCE12E400462D85 /* Interface.storyboard */,
				125908D91BCE12E400462D85 /* Assets.xcassets */,
				125908DB1BCE12E400462D85 /* Info.plist */,
			);
			path = "watchOS2 WatchKit App";
			sourceTree = "<group>";
		};
		125908E41BCE12E400462D85 /* watchOS2 WatchKit Extension */ = {
			isa = PBXGroup;
			children = (
				125908E51BCE12E400462D85 /* InterfaceController.swift */,
				125908E71BCE12E400462D85 /* ExtensionDelegate.swift */,
				125908E91BCE12E400462D85 /* Assets.xcassets */,
				125908EB1BCE12E400462D85 /* Info.plist */,
			);
			path = "watchOS2 WatchKit Extension";
			sourceTree = "<group>";
		};
/* End PBXGroup section */

/* Begin PBXNativeTarget section */
		125908BE1BCE12E400462D85 /* watchOS2 */ = {
			isa = PBXNativeTarget;
			buildConfigurationList = 125908F61BCE12E400462D85 /* Build configuration list for PBXNativeTarget "watchOS2" */;
			buildPhases = (
				125908BB1BCE12E400462D85 /* Sources */,
				125908BC1BCE12E400462D85 /* Frameworks */,
				125908BD1BCE12E400462D85 /* Resources */,
				125908F51BCE12E400462D85 /* Embed Watch Content */,
			);
			buildRules = (
			);
			dependencies = (
				125908D41BCE12E400462D85 /* PBXTargetDependency */,
			);
			name = watchOS2;
			productName = watchOS2;
			productReference = 125908BF1BCE12E400462D85 /* watchOS2.app */;
			productType = "com.apple.product-type.application";
		};
		125908D01BCE12E400462D85 /* watchOS2 WatchKit App */ = {
			isa = PBXNativeTarget;
			buildConfigurationList = 125908F21BCE12E400462D85 /* Build configuration list for PBXNativeTarget "watchOS2 WatchKit App" */;
			buildPhases = (
				125908CF1BCE12E400462D85 /* Resources */,
				125908F11BCE12E400462D85 /* Embed App Extensions */,
			);
			buildRules = (
			);
			dependencies = (
				125908E31BCE12E400462D85 /* PBXTargetDependency */,
			);
			name = "watchOS2 WatchKit App";
			productName = "watchOS2 WatchKit App";
			productReference = 125908D11BCE12E400462D85 /* watchOS2 WatchKit App.app */;
			productType = "com.apple.product-type.application.watchapp2";
		};
		125908DF1BCE12E400462D85 /* watchOS2 WatchKit Extension */ = {
			isa = PBXNativeTarget;
			buildConfigurationList = 125908EE1BCE12E400462D85 /* Build configuration list for PBXNativeTarget "watchOS2 WatchKit Extension" */;
			buildPhases = (
				125908DC1BCE12E400462D85 /* Sources */,
				125908DD1BCE12E400462D85 /* Frameworks */,
				125908DE1BCE12E400462D85 /* Resources */,
			);
			buildRules = (
			);
			dependencies = (
			);
			name = "watchOS2 WatchKit Extension";
			productName = "watchOS2 WatchKit Extension";
			productReference = 125908E01BCE12E400462D85 /* watchOS2 WatchKit Extension.appex */;
			productType = "com.apple.product-type.watchkit2-extension";
		};
/* End PBXNativeTarget section */

/* Begin PBXProject section */
		125908B71BCE12E400462D85 /* Project object */ = {
			isa = PBXProject;
			attributes = {
				LastUpgradeCheck = 0700;
				ORGANIZATIONNAME = "Daniel Mathews";
				TargetAttributes = {
					125908BE1BCE12E400462D85 = {
						CreatedOnToolsVersion = 7.0.1;
					};
					125908D01BCE12E400462D85 = {
						CreatedOnToolsVersion = 7.0.1;
					};
					125908DF1BCE12E400462D85 = {
						CreatedOnToolsVersion = 7.0.1;
					};
				};
			};
			buildConfigurationList = 125908BA1BCE12E400462D85 /* Build configuration list for PBXProject "watchOS2" */;
			compatibilityVersion = "Xcode 3.2";
			developmentRegion = English;
			hasScannedForEncodings = 0;
			knownRegions = (
				en,
				Base,
			);
			mainGroup = 125908B61BCE12E400462D85;
			productRefGroup = 125908C01BCE12E400462D85 /* Products */;
			projectDirPath = "";
			projectRoot = "";
			targets = (
				125908BE1BCE12E400462D85 /* watchOS2 */,
				125908D01BCE12E400462D85 /* watchOS2 WatchKit App */,
				125908DF1BCE12E400462D85 /* watchOS2 WatchKit Extension */,
			);
		};
/* End PBXProject section */

/* Begin PBXResourcesBuildPhase section */
		125908BD1BCE12E400462D85 /* Resources */ = {
			isa = PBXResourcesBuildPhase;
			buildActionMask = 2147483647;
			files = (
				125908CD1BCE12E400462D85 /* LaunchScreen.storyboard in Resources */,
				125908CA1BCE12E400462D85 /* Assets.xcassets in Resources */,
				125908C81BCE12E400462D85 /* Main.storyboard in Resources */,
			);
			runOnlyForDeploymentPostprocessing = 0;
		};
		125908CF1BCE12E400462D85 /* Resources */ = {
			isa = PBXResourcesBuildPhase;
			buildActionMask = 2147483647;
			files = (
				125908DA1BCE12E400462D85 /* Assets.xcassets in Resources */,
				125908D81BCE12E400462D85 /* Interface.storyboard in Resources */,
			);
			runOnlyForDeploymentPostprocessing = 0;
		};
		125908DE1BCE12E400462D85 /* Resources */ = {
			isa = PBXResourcesBuildPhase;
			buildActionMask = 2147483647;
			files = (
				125908EA1BCE12E400462D85 /* Assets.xcassets in Resources */,
			);
			runOnlyForDeploymentPostprocessing = 0;
		};
/* End PBXResourcesBuildPhase section */

/* Begin PBXSourcesBuildPhase section */
		125908BB1BCE12E400462D85 /* Sources */ = {
			isa = PBXSourcesBuildPhase;
			buildActionMask = 2147483647;
			files = (
				125908C51BCE12E400462D85 /* ViewController.swift in Sources */,
				125908C31BCE12E400462D85 /* AppDelegate.swift in Sources */,
			);
			runOnlyForDeploymentPostprocessing = 0;
		};
		125908DC1BCE12E400462D85 /* Sources */ = {
			isa = PBXSourcesBuildPhase;
			buildActionMask = 2147483647;
			files = (
				125908E81BCE12E400462D85 /* ExtensionDelegate.swift in Sources */,
				125908E61BCE12E400462D85 /* InterfaceController.swift in Sources */,
			);
			runOnlyForDeploymentPostprocessing = 0;
		};
/* End PBXSourcesBuildPhase section */

/* Begin PBXTargetDependency section */
		125908D41BCE12E400462D85 /* PBXTargetDependency */ = {
			isa = PBXTargetDependency;
			target = 125908D01BCE12E400462D85 /* watchOS2 WatchKit App */;
			targetProxy = 125908D31BCE12E400462D85 /* PBXContainerItemProxy */;
		};
		125908E31BCE12E400462D85 /* PBXTargetDependency */ = {
			isa = PBXTargetDependency;
			target = 125908DF1BCE12E400462D85 /* watchOS2 WatchKit Extension */;
			targetProxy = 125908E21BCE12E400462D85 /* PBXContainerItemProxy */;
		};
/* End PBXTargetDependency section */

/* Begin PBXVariantGroup section */
		125908C61BCE12E400462D85 /* Main.storyboard */ = {
			isa = PBXVariantGroup;
			children = (
				125908C71BCE12E400462D85 /* Base */,
			);
			name = Main.storyboard;
			sourceTree = "<group>";
		};
		125908CB1BCE12E400462D85 /* LaunchScreen.storyboard */ = {
			isa = PBXVariantGroup;
			children = (
				125908CC1BCE12E400462D85 /* Base */,
			);
			name = LaunchScreen.storyboard;
			sourceTree = "<group>";
		};
		125908D61BCE12E400462D85 /* Interface.storyboard */ = {
			isa = PBXVariantGroup;
			children = (
				125908D71BCE12E400462D85 /* Base */,
			);
			name = Interface.storyboard;
			sourceTree = "<group>";
		};
/* End PBXVariantGroup section */

/* Begin XCBuildConfiguration section */
		125908EC1BCE12E400462D85 /* Debug */ = {
			isa = XCBuildConfiguration;
			buildSettings = {
				ALWAYS_SEARCH_USER_PATHS = NO;
				CLANG_CXX_LANGUAGE_STANDARD = "gnu++0x";
				CLANG_CXX_LIBRARY = "libc++";
				CLANG_ENABLE_MODULES = YES;
				CLANG_ENABLE_OBJC_ARC = YES;
				CLANG_WARN_BOOL_CONVERSION = YES;
				CLANG_WARN_CONSTANT_CONVERSION = YES;
				CLANG_WARN_DIRECT_OBJC_ISA_USAGE = YES_ERROR;
				CLANG_WARN_EMPTY_BODY = YES;
				CLANG_WARN_ENUM_CONVERSION = YES;
				CLANG_WARN_INT_CONVERSION = YES;
				CLANG_WARN_OBJC_ROOT_CLASS = YES_ERROR;
				CLANG_WARN_UNREACHABLE_CODE = YES;
				CLANG_WARN__DUPLICATE_METHOD_MATCH = YES;
				"CODE_SIGN_IDENTITY[sdk=iphoneos*]" = "iPhone Developer";
				COPY_PHASE_STRIP = NO;
				DEBUG_INFORMATION_FORMAT = dwarf;
				ENABLE_STRICT_OBJC_MSGSEND = YES;
				ENABLE_TESTABILITY = YES;
				GCC_C_LANGUAGE_STANDARD = gnu99;
				GCC_DYNAMIC_NO_PIC = NO;
				GCC_NO_COMMON_BLOCKS = YES;
				GCC_OPTIMIZATION_LEVEL = 0;
				GCC_PREPROCESSOR_DEFINITIONS = (
					"DEBUG=1",
					"$(inherited)",
				);
				GCC_WARN_64_TO_32_BIT_CONVERSION = YES;
				GCC_WARN_ABOUT_RETURN_TYPE = YES_ERROR;
				GCC_WARN_UNDECLARED_SELECTOR = YES;
				GCC_WARN_UNINITIALIZED_AUTOS = YES_AGGRESSIVE;
				GCC_WARN_UNUSED_FUNCTION = YES;
				GCC_WARN_UNUSED_VARIABLE = YES;
				IPHONEOS_DEPLOYMENT_TARGET = 9.0;
				MTL_ENABLE_DEBUG_INFO = YES;
				ONLY_ACTIVE_ARCH = YES;
				SDKROOT = iphoneos;
				SWIFT_OPTIMIZATION_LEVEL = "-Onone";
			};
			name = Debug;
		};
		125908ED1BCE12E400462D85 /* Release */ = {
			isa = XCBuildConfiguration;
			buildSettings = {
				ALWAYS_SEARCH_USER_PATHS = NO;
				CLANG_CXX_LANGUAGE_STANDARD = "gnu++0x";
				CLANG_CXX_LIBRARY = "libc++";
				CLANG_ENABLE_MODULES = YES;
				CLANG_ENABLE_OBJC_ARC = YES;
				CLANG_WARN_BOOL_CONVERSION = YES;
				CLANG_WARN_CONSTANT_CONVERSION = YES;
				CLANG_WARN_DIRECT_OBJC_ISA_USAGE = YES_ERROR;
				CLANG_WARN_EMPTY_BODY = YES;
				CLANG_WARN_ENUM_CONVERSION = YES;
				CLANG_WARN_INT_CONVERSION = YES;
				CLANG_WARN_OBJC_ROOT_CLASS = YES_ERROR;
				CLANG_WARN_UNREACHABLE_CODE = YES;
				CLANG_WARN__DUPLICATE_METHOD_MATCH = YES;
				"CODE_SIGN_IDENTITY[sdk=iphoneos*]" = "iPhone Developer";
				COPY_PHASE_STRIP = NO;
				DEBUG_INFORMATION_FORMAT = "dwarf-with-dsym";
				ENABLE_NS_ASSERTIONS = NO;
				ENABLE_STRICT_OBJC_MSGSEND = YES;
				GCC_C_LANGUAGE_STANDARD = gnu99;
				GCC_NO_COMMON_BLOCKS = YES;
				GCC_WARN_64_TO_32_BIT_CONVERSION = YES;
				GCC_WARN_ABOUT_RETURN_TYPE = YES_ERROR;
				GCC_WARN_UNDECLARED_SELECTOR = YES;
				GCC_WARN_UNINITIALIZED_AUTOS = YES_AGGRESSIVE;
				GCC_WARN_UNUSED_FUNCTION = YES;
				GCC_WARN_UNUSED_VARIABLE = YES;
				IPHONEOS_DEPLOYMENT_TARGET = 9.0;
				MTL_ENABLE_DEBUG_INFO = NO;
				SDKROOT = iphoneos;
				VALIDATE_PRODUCT = YES;
			};
			name = Release;
		};
		125908EF1BCE12E400462D85 /* Debug */ = {
			isa = XCBuildConfiguration;
			buildSettings = {
				INFOPLIST_FILE = "watchOS2 WatchKit Extension/Info.plist";
				LD_RUNPATH_SEARCH_PATHS = "$(inherited) @executable_path/Frameworks @executable_path/../../Frameworks";
				PRODUCT_BUNDLE_IDENTIFIER = com.ToyBoxMedia.watchOS2.watchkitapp.watchkitextension;
				PRODUCT_NAME = "${TARGET_NAME}";
				SDKROOT = watchos;
				SKIP_INSTALL = YES;
				TARGETED_DEVICE_FAMILY = 4;
				WATCHOS_DEPLOYMENT_TARGET = 2.0;
			};
			name = Debug;
		};
		125908F01BCE12E400462D85 /* Release */ = {
			isa = XCBuildConfiguration;
			buildSettings = {
				INFOPLIST_FILE = "watchOS2 WatchKit Extension/Info.plist";
				LD_RUNPATH_SEARCH_PATHS = "$(inherited) @executable_path/Frameworks @executable_path/../../Frameworks";
				PRODUCT_BUNDLE_IDENTIFIER = com.ToyBoxMedia.watchOS2.watchkitapp.watchkitextension;
				PRODUCT_NAME = "${TARGET_NAME}";
				SDKROOT = watchos;
				SKIP_INSTALL = YES;
				TARGETED_DEVICE_FAMILY = 4;
				WATCHOS_DEPLOYMENT_TARGET = 2.0;
			};
			name = Release;
		};
		125908F31BCE12E400462D85 /* Debug */ = {
			isa = XCBuildConfiguration;
			buildSettings = {
				ASSETCATALOG_COMPILER_APPICON_NAME = AppIcon;
				EMBEDDED_CONTENT_CONTAINS_SWIFT = YES;
				IBSC_MODULE = watchOS2_WatchKit_Extension;
				INFOPLIST_FILE = "watchOS2 WatchKit App/Info.plist";
				PRODUCT_BUNDLE_IDENTIFIER = com.ToyBoxMedia.watchOS2.watchkitapp;
				PRODUCT_NAME = "$(TARGET_NAME)";
				SDKROOT = watchos;
				SKIP_INSTALL = YES;
				TARGETED_DEVICE_FAMILY = 4;
				WATCHOS_DEPLOYMENT_TARGET = 2.0;
			};
			name = Debug;
		};
		125908F41BCE12E400462D85 /* Release */ = {
			isa = XCBuildConfiguration;
			buildSettings = {
				ASSETCATALOG_COMPILER_APPICON_NAME = AppIcon;
				EMBEDDED_CONTENT_CONTAINS_SWIFT = YES;
				IBSC_MODULE = watchOS2_WatchKit_Extension;
				INFOPLIST_FILE = "watchOS2 WatchKit App/Info.plist";
				PRODUCT_BUNDLE_IDENTIFIER = com.ToyBoxMedia.watchOS2.watchkitapp;
				PRODUCT_NAME = "$(TARGET_NAME)";
				SDKROOT = watchos;
				SKIP_INSTALL = YES;
				TARGETED_DEVICE_FAMILY = 4;
				WATCHOS_DEPLOYMENT_TARGET = 2.0;
			};
			name = Release;
		};
		125908F71BCE12E400462D85 /* Debug */ = {
			isa = XCBuildConfiguration;
			buildSettings = {
				ASSETCATALOG_COMPILER_APPICON_NAME = AppIcon;
				INFOPLIST_FILE = watchOS2/Info.plist;
				LD_RUNPATH_SEARCH_PATHS = "$(inherited) @executable_path/Frameworks";
				PRODUCT_BUNDLE_IDENTIFIER = com.ToyBoxMedia.watchOS2;
				PRODUCT_NAME = "$(TARGET_NAME)";
			};
			name = Debug;
		};
		125908F81BCE12E400462D85 /* Release */ = {
			isa = XCBuildConfiguration;
			buildSettings = {
				ASSETCATALOG_COMPILER_APPICON_NAME = AppIcon;
				INFOPLIST_FILE = watchOS2/Info.plist;
				LD_RUNPATH_SEARCH_PATHS = "$(inherited) @executable_path/Frameworks";
				PRODUCT_BUNDLE_IDENTIFIER = com.ToyBoxMedia.watchOS2;
				PRODUCT_NAME = "$(TARGET_NAME)";
			};
			name = Release;
		};
/* End XCBuildConfiguration section */

/* Begin XCConfigurationList section */
		125908BA1BCE12E400462D85 /* Build configuration list for PBXProject "watchOS2" */ = {
			isa = XCConfigurationList;
			buildConfigurations = (
				125908EC1BCE12E400462D85 /* Debug */,
				125908ED1BCE12E400462D85 /* Release */,
			);
			defaultConfigurationIsVisible = 0;
			defaultConfigurationName = Release;
		};
		125908EE1BCE12E400462D85 /* Build configuration list for PBXNativeTarget "watchOS2 WatchKit Extension" */ = {
			isa = XCConfigurationList;
			buildConfigurations = (
				125908EF1BCE12E400462D85 /* Debug */,
				125908F01BCE12E400462D85 /* Release */,
			);
			defaultConfigurationIsVisible = 0;
		};
		125908F21BCE12E400462D85 /* Build configuration list for PBXNativeTarget "watchOS2 WatchKit App" */ = {
			isa = XCConfigurationList;
			buildConfigurations = (
				125908F31BCE12E400462D85 /* Debug */,
				125908F41BCE12E400462D85 /* Release */,
			);
			defaultConfigurationIsVisible = 0;
		};
		125908F61BCE12E400462D85 /* Build configuration list for PBXNativeTarget "watchOS2" */ = {
			isa = XCConfigurationList;
			buildConfigurations = (
				125908F71BCE12E400462D85 /* Debug */,
				125908F81BCE12E400462D85 /* Release */,
			);
			defaultConfigurationIsVisible = 0;
		};
/* End XCConfigurationList section */
	};
	rootObject = 125908B71BCE12E400462D85 /* Project object */;
}
